
Microsoft Visual Studio Solution File, Format Version 12.00
# Visual Studio Version 16
VisualStudioVersion = 16.0.31613.86
MinimumVisualStudioVersion = 10.0.40219.1
Project("{FAE04EC0-301F-11D3-BF4B-00C04F79EFBC}") = "UiPathConfApp_AppScope", "UiPathConfApp_AppScope\UiPathConfApp_AppScope.csproj", "{3621DB88-F7A4-4D46-93D8-35B95F542730}"
EndProject
Global
	GlobalSection(SolutionConfigurationPlatforms) = preSolution
		Debug|Any CPU = Debug|Any CPU
		Release|Any CPU = Release|Any CPU
	EndGlobalSection
	GlobalSection(ProjectConfigurationPlatforms) = postSolution
		{3621DB88-F7A4-4D46-93D8-35B95F542730}.Debug|Any CPU.ActiveCfg = Debug|Any CPU
		{3621DB88-F7A4-4D46-93D8-35B95F542730}.Debug|Any CPU.Build.0 = Debug|Any CPU
		{3621DB88-F7A4-4D46-93D8-35B95F542730}.Release|Any CPU.ActiveCfg = Release|Any CPU
		{3621DB88-F7A4-4D46-93D8-35B95F542730}.Release|Any CPU.Build.0 = Release|Any CPU
	EndGlobalSection
	GlobalSection(SolutionProperties) = preSolution
		HideSolutionNode = FALSE
	EndGlobalSection
	GlobalSection(ExtensibilityGlobals) = postSolution
		SolutionGuid = {10C9371C-29E2-4A3A-8AC0-05D435126570}
	EndGlobalSection
EndGlobal
